
Microsoft Visual Studio Solution File, Format Version 12.00
# Visual Studio Version 16
VisualStudioVersion = 16.0.31112.23
MinimumVisualStudioVersion = 10.0.40219.1
Project("{FAE04EC0-301F-11D3-BF4B-00C04F79EFBC}") = "Izola", "Izola\Izola.csproj", "{A2EDED4B-0B95-4D0A-A92B-F21AE8E0A8CF}"
EndProject
Global
	GlobalSection(SolutionConfigurationPlatforms) = preSolution
		Debug|Any CPU = Debug|Any CPU
		Release|Any CPU = Release|Any CPU
	EndGlobalSection
	GlobalSection(ProjectConfigurationPlatforms) = postSolution
		{A2EDED4B-0B95-4D0A-A92B-F21AE8E0A8CF}.Debug|Any CPU.ActiveCfg = Debug|Any CPU
		{A2EDED4B-0B95-4D0A-A92B-F21AE8E0A8CF}.Debug|Any CPU.Build.0 = Debug|Any CPU
		{A2EDED4B-0B95-4D0A-A92B-F21AE8E0A8CF}.Release|Any CPU.ActiveCfg = Release|Any CPU
		{A2EDED4B-0B95-4D0A-A92B-F21AE8E0A8CF}.Release|Any CPU.Build.0 = Release|Any CPU
	EndGlobalSection
	GlobalSection(SolutionProperties) = preSolution
		HideSolutionNode = FALSE
	EndGlobalSection
	GlobalSection(ExtensibilityGlobals) = postSolution
		SolutionGuid = {647AAAA2-0454-49B3-B808-519044E91B56}
	EndGlobalSection
EndGlobal
